NeoBundleLock TweetVim 7d4c4313e9b77901a2fd0ff5d55795a4bb5dc619
NeoBundleLock YankRing.vim a884f3a161fa3cd8c996eb53a3d1c68631f60c21
NeoBundleLock bitly.vim cef05fe8b905e99c5746d8d6348e211d71f30064
NeoBundleLock caw.vim bb24d3bb06bd1c193f2b7b161775989b833e0c8e
NeoBundleLock clever-f.vim b54208462b50484e25878e989b111544c97ae1ec
NeoBundleLock easybuffer.vim 64bd1d5ae30e03c60bf3d7e93af796428fce2ff6
NeoBundleLock emmet-vim 1c46c5fb775606621906f0bedc8da8bc636c1dac
NeoBundleLock gist-vim 6130b8ee438ad55572c5de1cb974ef824163a1f4
NeoBundleLock gitv 76a30e96eeb977e9dc8a8a5cc15b7f903c420e67
NeoBundleLock gundo.vim 3975ac871565115e3769dc69c06bc88ddc1369af
NeoBundleLock indentLine afc214ca0700696c4d9f53d1a84e841c17bc7e7a
NeoBundleLock jedi-vim 07471895168f4b5dae86ca1c21ae6a9193958dd8
NeoBundleLock lightline.vim b967eefb9b7c3103a2f8885eb736876f0a0cdaa9
NeoBundleLock neobundle.vim 9a69b56f24f31cc4e4592f44f03d2fdb8dea92b3
NeoBundleLock neocomplcache.vim 778181767467b8f8016828898779a646074d883a
NeoBundleLock neocomplete-php.vim 68c3b3a6439c6c5cc0640260dde52eef197dd2f3
NeoBundleLock neocomplete.vim 771274c2f04060fab1fc793f6e02cfe3bd3a6732
NeoBundleLock neosnippet 48689a972d41256b423aa635dff689868a48e5bd
NeoBundleLock neosnippet-snippets c35446a74d3a5c11838a96b9f2e3673e56ced384
NeoBundleLock nerdtree a87b1bf3c566c3f80090996a2a2a1201318478a8
NeoBundleLock open-browser.vim 7401abae649219708cc09a50e4f8967c5a11083c
NeoBundleLock pyflakes-vim 92ab1d390d0dbf0d949aba27c9eb1e4ed0abde0e
NeoBundleLock switch.vim aa48b42d9c5d4cd861a5bb4361c9e97bf4f4101b
NeoBundleLock syntastic 5dba05af4fb9e69472a994bb1228c6b86a47911a
NeoBundleLock tagbar 399b75256ac7333d7119d11047f6b3aff8fa2828
NeoBundleLock twibill.vim fe08b7202b685fd0912625327e474f9de0993b93
NeoBundleLock unite-outline 962aaa61d5585634c15c3a7071df7c6a12c5e3cd
NeoBundleLock unite.vim 62c76326c3e8806158246239a08e7a71b0b33a73
NeoBundleLock vim-anzu 5086f6fd40839e1382f96db49a50e1d0ec214445
NeoBundleLock vim-css3-syntax 8feb345b5ce73a6f053609bdaa6de0e53c21bfbd
NeoBundleLock vim-django-support a0b21e72a2ce22141d60c494de1f58cb960b413f
NeoBundleLock vim-endwise f2b664d4d492e649558dae1c3fce68a11196d7cc
NeoBundleLock vim-flake8 21bc78d9a3a17653dd5ea1f6a6c92445d23b215b
NeoBundleLock vim-fugitive 4cc201cbe3a0c3faa4cde1b82ba941d410e5e81c
NeoBundleLock vim-gitgutter 339f8ba079ed7d465ca442c9032b36bc56c21f61
NeoBundleLock vim-latex a9a6dd0396d4d87468298ce55650fc53a0ac8c52
NeoBundleLock vim-quickhl 239d9edf6d2d250b4be2511a15fcec077e10314f
NeoBundleLock vim-quickrun b40cdc36c3600fd096323d3e08c3bbd5d55ec8a8
NeoBundleLock vim-rails e537c71b5fbf5e7ee54c811d849fd59eecbe5b97
NeoBundleLock vim-railscasts-theme 9035daff38dbbd30229890f26e54d9a7a71deca3
NeoBundleLock vim-scouter 5221901d4ad6b2ef8b370b336db2aa7f69f2b6dc
NeoBundleLock vim-snippets 1327c1ba54c8c367995b536b8cb7d8e7cc7c4c03
NeoBundleLock vim-surround 772ab9587b7d1e2c3bae75395c9123803059ba8a
NeoBundleLock vim-virtualenv e51a02ebe1bc96138c228a0baa86945993123bd0
NeoBundleLock vimdoc-ja c7858457bab95ca607f677e16219c92f0acbae54
NeoBundleLock vimfiler 22343310f8146f8f4a42789fb3d83ea866ba6221
NeoBundleLock vimproc 421827f0971a62ba3d67e2ed158a7d282c5d05bb
NeoBundleLock vimshell 4939e10609c434becf6423b2f3876bb9c2be3464
NeoBundleLock webapi-vim a7789abffe936db56e3152e23733847f94755753
