NeoBundleLock vim-css3-syntax 5e4535e990317476b60f9ee77e479cdb138e21fb
NeoBundleLock vim-anzu a4316bdb89c56c176cc321583f34cfbe32244e1e
NeoBundleLock vimshell 3aadd86e4b81645d80100449d83c74a3263d7f78
NeoBundleLock vim-django-support a0b21e72a2ce22141d60c494de1f58cb960b413f
NeoBundleLock vim-surround fa433e0b7330753688f715f3be5d10dc480f20e5
NeoBundleLock emmet-vim 485abffe6c124153481058c82c3e0db28ef33f22
NeoBundleLock bitly.vim cef05fe8b905e99c5746d8d6348e211d71f30064
NeoBundleLock vim-fugitive 0374322ba5d85ae44dd9dc44ef31ca015a59097e
NeoBundleLock TaskList.vim 8e2dfdcc6e13d8afab5b3f620ee06ebb29b786f9
NeoBundleLock jedi-vim 21efb8a0e838b6dad410cc50d619404f81768f2e
NeoBundleLock html5.vim 9bfa00bdb3fdca07c490b527e5e6ec6c4b017d3b
NeoBundleLock neocomplete-php.vim 68c3b3a6439c6c5cc0640260dde52eef197dd2f3
NeoBundleLock memolist.vim 782345c574e6e8edecdb3b09e7cc368023b81d67
NeoBundleLock caw.vim 20b15cfe78ac5cde0e17b495e9256fe1b4577987
NeoBundleLock vim-indent-guides eec1b629dc4cfa3986d20f21d4b4489732cd3f5a
NeoBundleLock vim-railscasts-theme 9035daff38dbbd30229890f26e54d9a7a71deca3
NeoBundleLock switch.vim 4e8bf429613e85c568c382c0612ef32e4c0eaa28
NeoBundleLock gundo.vim 3975ac871565115e3769dc69c06bc88ddc1369af
NeoBundleLock vimproc 3e055023dfab4f5a4dfa05a834f9d0cb7294a82e
NeoBundleLock gitv 4ad120baf5e8124b41d00fc731d1ebe5095d9576
NeoBundleLock YankRing.vim a884f3a161fa3cd8c996eb53a3d1c68631f60c21
NeoBundleLock vim-quickrun ae97cef42ae142306e9431dce9ab97c4353e5254
NeoBundleLock vim-rails 075a0100b88489215aaeb4280143ce8a5e8ebc7b
NeoBundleLock vim-quickhl 1b51860e0d6e6735872f2fdff0b9e7abaf35fb65
NeoBundleLock qfixgrep ccfd3302fa375a6b8332f11aa5259092ed023f89
NeoBundleLock Align 787662fe90cd057942bc5b682fd70c87e1a9dd77
NeoBundleLock vim-flake8 dcfb4b596bebab0bceb8ff9aaa56bd07607d612a
NeoBundleLock clever-f.vim f3dac2f2d4bb68d5e5320325e0ccfa5a2b56ede9
NeoBundleLock gist-vim 9265aaa3fb3f090a292c3fb883eab4cea9d2a722
NeoBundleLock unite.vim b04e14958d0d7276dcb363f613a4ad331b4c4fc9
NeoBundleLock vim-gitgutter 39f011909620e0c7ae555efdace20c3963ac88af
NeoBundleLock vim-endwise f2b664d4d492e649558dae1c3fce68a11196d7cc
NeoBundleLock vimfiler 651624ccba23e39f3245a062c8224a267b68af0d
NeoBundleLock unite-outline 962aaa61d5585634c15c3a7071df7c6a12c5e3cd
NeoBundleLock vim-scouter 5221901d4ad6b2ef8b370b336db2aa7f69f2b6dc
NeoBundleLock vim-snippets 7b8d2790bfff3cd4ca57051113aa2d2319f13ac2
NeoBundleLock neobundle.vim 816d21d99a071cc86ba2ffbb4679dde3b764bed7
NeoBundleLock neocomplcache.vim 237442924ac366015e6e0a8a13a31ac37be0c696
NeoBundleLock twibill.vim fe08b7202b685fd0912625327e474f9de0993b93
NeoBundleLock neocomplete.vim 6362880fad5de338c8af02cb65bb0317d6b7d8bd
NeoBundleLock TweetVim d63331ef51f70fd5fcd308a16cf3d65f250d6bb3
NeoBundleLock pyflakes-vim 92ab1d390d0dbf0d949aba27c9eb1e4ed0abde0e
NeoBundleLock open-browser.vim 6ae8078ab80486cfa08a68b8d27b93c585e7dad0
NeoBundleLock tagbar 64e935fe5812d3b7022aba1dee63ec9f7456b02f
NeoBundleLock neosnippet-snippets 01e7d4514c65fe68c0668ce82acd55c3935d470f
NeoBundleLock vimdoc-ja 71eafcc7733c88e48e39f054266c3c15373b8735
NeoBundleLock syntastic 8e9ece2144108c2add0bf60c9aaf66953477350e
NeoBundleLock neosnippet 47342389214ed9f7cf3e0b38cf9991e88b222ace
NeoBundleLock easybuffer.vim 64bd1d5ae30e03c60bf3d7e93af796428fce2ff6
NeoBundleLock vim-virtualenv e18a8c11f7107d51979bda2f7a3f6da61ec83b20
NeoBundleLock lightline.vim 72a413e60c101e71f26ef2e3cf42d662fe730aae
NeoBundleLock webapi-vim 99e11199838ccbeb7213cbc30698200170d355c9
