NeoBundleLock Align 787662fe90cd057942bc5b682fd70c87e1a9dd77
NeoBundleLock TaskList.vim 8e2dfdcc6e13d8afab5b3f620ee06ebb29b786f9
NeoBundleLock TweetVim d63331ef51f70fd5fcd308a16cf3d65f250d6bb3
NeoBundleLock YankRing.vim a884f3a161fa3cd8c996eb53a3d1c68631f60c21
NeoBundleLock bitly.vim cef05fe8b905e99c5746d8d6348e211d71f30064
NeoBundleLock caw.vim 20b15cfe78ac5cde0e17b495e9256fe1b4577987
NeoBundleLock clever-f.vim 69fa2379279f041a8f0e8dcef2ebb9b0cb6e4450
NeoBundleLock easybuffer.vim 64bd1d5ae30e03c60bf3d7e93af796428fce2ff6
NeoBundleLock emmet-vim c6e11d22dc9c66a727619362097e97f4c80c53ae
NeoBundleLock gist-vim 8a567b823163d349406dffaff4519e0bac10eade
NeoBundleLock gitv 1ae9ba66a4dac0e0f8a704e4688c2df45180a782
NeoBundleLock gundo.vim 3975ac871565115e3769dc69c06bc88ddc1369af
NeoBundleLock html5.vim 9bfa00bdb3fdca07c490b527e5e6ec6c4b017d3b
NeoBundleLock indentLine 547ceb5b04356b87653cb763810871fd51b33781
NeoBundleLock jedi-vim bf4a8bfd5a416000e7d57f8a961f72c351cd4b15
NeoBundleLock lightline.vim 38751ede420cd7b177f54034ef265bd895d397b5
NeoBundleLock memolist.vim 782345c574e6e8edecdb3b09e7cc368023b81d67
NeoBundleLock neobundle.vim 27c473e6b8c0d9aef620d4a993615a5537175e36
NeoBundleLock neocomplcache.vim d83bcbd0b142eb8de9d669ead26914cd7322a51c
NeoBundleLock neocomplete-php.vim 68c3b3a6439c6c5cc0640260dde52eef197dd2f3
NeoBundleLock neocomplete.vim 98b7682408f988e301c4644c68b95e81de053c70
NeoBundleLock neosnippet 044c9cb8ca46a5e27eec37198990c26fe707b02a
NeoBundleLock neosnippet-snippets d2296c11d759fa5dd9a0b7f2f554e223e9adad7f
NeoBundleLock open-browser.vim 4184376d06525f9b5fb7c08ce2a482e1d6acf645
NeoBundleLock pyflakes-vim 92ab1d390d0dbf0d949aba27c9eb1e4ed0abde0e
NeoBundleLock qfixgrep ccfd3302fa375a6b8332f11aa5259092ed023f89
NeoBundleLock switch.vim 634a7bf04c5a68e2d58bab72060a19803e113a36
NeoBundleLock syntastic 7d9aec0bee91be677c38b94ff222d02aa732fe52
NeoBundleLock tagbar 00dfa82b00e734b453153564efeec933c48087f0
NeoBundleLock twibill.vim fe08b7202b685fd0912625327e474f9de0993b93
NeoBundleLock unite-outline 962aaa61d5585634c15c3a7071df7c6a12c5e3cd
NeoBundleLock unite.vim 8460f6502e3961db1acb972b9b888db2b43327cf
NeoBundleLock vim-anzu bba3c929e71f83c6476ccee74473434155156d08
NeoBundleLock vim-css3-syntax f2dccd2c9413e7f586aec9d92da57685fd77ebd6
NeoBundleLock vim-django-support a0b21e72a2ce22141d60c494de1f58cb960b413f
NeoBundleLock vim-endwise f2b664d4d492e649558dae1c3fce68a11196d7cc
NeoBundleLock vim-flake8 378c25cc58d82d5f2dcfa723f2f0d91f06a29200
NeoBundleLock vim-fugitive 933f6a1e1df549564062f936bd1c836d28cf1676
NeoBundleLock vim-gitgutter e5efbaffc066ababc9ae0d689c7050fa5d6591bd
NeoBundleLock vim-quickhl 239d9edf6d2d250b4be2511a15fcec077e10314f
NeoBundleLock vim-quickrun 324a8a3fbc5cdde3de21f0b76fb7cc0775a91c2c
NeoBundleLock vim-rails 5f9da92cda40dfa8d63899a9f60d7e8782a3cff8
NeoBundleLock vim-railscasts-theme 9035daff38dbbd30229890f26e54d9a7a71deca3
NeoBundleLock vim-scouter 5221901d4ad6b2ef8b370b336db2aa7f69f2b6dc
NeoBundleLock vim-snippets 0deb4bd28b615bb42352772ba4ebb975d90c71c8
NeoBundleLock vim-surround 6afb2d90e3b3a637da093e1022ffaa232a2aeafd
NeoBundleLock vim-virtualenv 19ee05a3464f3762f602c88fe2bcef7cabf78a01
NeoBundleLock vimdoc-ja 126a4b4015618dd66d0078bddb97e1c3b9e00df0
NeoBundleLock vimfiler 51ed6a55d5efd1dde20f1fae03914ed0b417756a
NeoBundleLock vimproc 04b45cd80f48f66daed04a1a48a7ea4e7d316086
NeoBundleLock vimshell 9fc163d57f6bb548df3e322c3db418c3f4226020
NeoBundleLock webapi-vim a7789abffe936db56e3152e23733847f94755753
