NeoBundleLock vim-css3-syntax d6b86507f70fd183a37682a90dc48b9ffc63c093
NeoBundleLock vim-anzu bba3c929e71f83c6476ccee74473434155156d08
NeoBundleLock vimshell 3b7db40f4d18b1d0aad0c03b6350baac71e6d731
NeoBundleLock vim-django-support a0b21e72a2ce22141d60c494de1f58cb960b413f
NeoBundleLock vim-surround fa433e0b7330753688f715f3be5d10dc480f20e5
NeoBundleLock emmet-vim 2a8f0e094d3fae2ef081db873af3c3835f271280
NeoBundleLock bitly.vim cef05fe8b905e99c5746d8d6348e211d71f30064
NeoBundleLock vim-fugitive 2c8461db084d205903a792a23163faa546f143c9
NeoBundleLock TaskList.vim 8e2dfdcc6e13d8afab5b3f620ee06ebb29b786f9
NeoBundleLock jedi-vim 0ce1af78b2ebc85148e163ff0bd7a9c128069ec5
NeoBundleLock html5.vim 9bfa00bdb3fdca07c490b527e5e6ec6c4b017d3b
NeoBundleLock neocomplete-php.vim 68c3b3a6439c6c5cc0640260dde52eef197dd2f3
NeoBundleLock memolist.vim 782345c574e6e8edecdb3b09e7cc368023b81d67
NeoBundleLock caw.vim 20b15cfe78ac5cde0e17b495e9256fe1b4577987
NeoBundleLock vim-railscasts-theme 9035daff38dbbd30229890f26e54d9a7a71deca3
NeoBundleLock switch.vim 4e8bf429613e85c568c382c0612ef32e4c0eaa28
NeoBundleLock gundo.vim 3975ac871565115e3769dc69c06bc88ddc1369af
NeoBundleLock vimproc 0ee785e9b6f878edc1a9f16fc0fa28b5d6f65694
NeoBundleLock gitv f0b1b7be0eb2843ce97d290fca8c12ea34599979
NeoBundleLock YankRing.vim a884f3a161fa3cd8c996eb53a3d1c68631f60c21
NeoBundleLock vim-quickrun ae97cef42ae142306e9431dce9ab97c4353e5254
NeoBundleLock vim-rails f7d264fc27b3dfcbc54f8b16f3ae6aea4f92ee4c
NeoBundleLock vim-quickhl 65fb9ef6dc3872f566c416b9346cbd47174ff731
NeoBundleLock qfixgrep ccfd3302fa375a6b8332f11aa5259092ed023f89
NeoBundleLock Align 787662fe90cd057942bc5b682fd70c87e1a9dd77
NeoBundleLock vim-flake8 378c25cc58d82d5f2dcfa723f2f0d91f06a29200
NeoBundleLock clever-f.vim 69fa2379279f041a8f0e8dcef2ebb9b0cb6e4450
NeoBundleLock gist-vim d609d93472db9cf45bd701bebe51adc356631547
NeoBundleLock unite.vim b5be7ad434e12bfe48d3339838c6c95e1f92f45b
NeoBundleLock vim-gitgutter 1a68abedf1115482beb02834ebc42bc3f6a07672
NeoBundleLock vim-endwise f2b664d4d492e649558dae1c3fce68a11196d7cc
NeoBundleLock vimfiler bf368742046bf016470d7ee7ba5392170565ec16
NeoBundleLock unite-outline 962aaa61d5585634c15c3a7071df7c6a12c5e3cd
NeoBundleLock vim-scouter 5221901d4ad6b2ef8b370b336db2aa7f69f2b6dc
NeoBundleLock vim-snippets 9b59e9639863ce31771999eac3c3621e8eaf7da5
NeoBundleLock neobundle.vim 4a3bb7fb323b62f571c22ff15139fe996dc60ac8
NeoBundleLock neocomplcache.vim 68f9aa84d32389ff4393d63ad9082ca2f768420f
NeoBundleLock twibill.vim fe08b7202b685fd0912625327e474f9de0993b93
NeoBundleLock neocomplete.vim ac49a0737f3581507f063b83ea4439669539d6d8
NeoBundleLock TweetVim d63331ef51f70fd5fcd308a16cf3d65f250d6bb3
NeoBundleLock pyflakes-vim 92ab1d390d0dbf0d949aba27c9eb1e4ed0abde0e
NeoBundleLock open-browser.vim 4184376d06525f9b5fb7c08ce2a482e1d6acf645
NeoBundleLock tagbar bfc121dc38271ab3f050609bb2ca377de07d8bd6
NeoBundleLock neosnippet-snippets 1dcfdffd7e774f3634c257b8ede0173465454dac
NeoBundleLock vimdoc-ja ad6017fa642ebd454925027a0601066dd529c3d8
NeoBundleLock syntastic 03f43ec55fa093a72df5a6b6d27293cd60286cb0
NeoBundleLock neosnippet 811176b29b1a60a164c9878f8dcbe4a680ee32e5
NeoBundleLock easybuffer.vim 64bd1d5ae30e03c60bf3d7e93af796428fce2ff6
NeoBundleLock vim-virtualenv e18a8c11f7107d51979bda2f7a3f6da61ec83b20
NeoBundleLock lightline.vim a7783e8c813c93d18cbe7346e44b841833275cc9
NeoBundleLock webapi-vim a7789abffe936db56e3152e23733847f94755753
NeoBundleLock indentLine bdad4e2ee6b1eccbfad0d12ddad46c9dca72d668
